// !$*UTF8*$!
{
	archiveVersion = 1;
	classes = {
	};
	objectVersion = 60;
	objects = {

/* Begin PBXBuildFile section */
		036D859E3E3682A477A3FB1C /* OpenAppIntents.swift in Sources */ = {isa = PBXBuildFile; fileRef = BABF05316F5ABD596989B869 /* OpenAppIntents.swift */; };
		0A0055A80A8AAE3C329F0132 /* RestControl.swift in Sources */ = {isa = PBXBuildFile; fileRef = 1A7962EF1115AA0BB0C36256 /* RestControl.swift */; };
		0AC6A3F2E70D70C14A2720D0 /* WorkoutRecorder.swift in Sources */ = {isa = PBXBuildFile; fileRef = 42FED055567C6CE7CFACDB59 /* WorkoutRecorder.swift */; };
		0EB7ACBA818C0A29908A71B3 /* FattyComplication.swift in Sources */ = {isa = PBXBuildFile; fileRef = 1AD6781B48AC595131C550BD /* FattyComplication.swift */; };
		0F545B399BB30306BCBB49D5 /* ComplicationData.swift in Sources */ = {isa = PBXBuildFile; fileRef = 979E8F0EA3DF4EA24F4D71DE /* ComplicationData.swift */; };
		12DAC918C8E9791CAAF06CF3 /* Keychain.swift in Sources */ = {isa = PBXBuildFile; fileRef = F9484A68A11DA3D83F1F06DE /* Keychain.swift */; };
		193BA68ADC3FA7130A989A0A /* WidgetSnapshot.swift in Sources */ = {isa = PBXBuildFile; fileRef = A0698C652BA0F0FF3F70E4BD /* WidgetSnapshot.swift */; };
		19642DEA0692AFD677D9AAF1 /* PrivacyInfo.xcprivacy in Resources */ = {isa = PBXBuildFile; fileRef = 3F4986A168C735F865609240 /* PrivacyInfo.xcprivacy */; };
		1BD7A7F443AADC9349369231 /* WidgetRefresher.swift in Sources */ = {isa = PBXBuildFile; fileRef = ED6643D2165D33B6C0F89469 /* WidgetRefresher.swift */; };
		1FFD46003017306410C4B5D3 /* OpenAppIntents.swift in Sources */ = {isa = PBXBuildFile; fileRef = BABF05316F5ABD596989B869 /* OpenAppIntents.swift */; };
		2AC1D53AC576840337EA0BCD /* WorkoutActivityAttributes.swift in Sources */ = {isa = PBXBuildFile; fileRef = 6B9632B13BCA779AEFE286F5 /* WorkoutActivityAttributes.swift */; };
		2FAD9763203C412B000D30F8 /* config.xml in Resources */ = {isa = PBXBuildFile; fileRef = 2FAD9762203C412B000D30F8 /* config.xml */; };
		35670A56371A54EF3A6C226E /* Brand.swift in Sources */ = {isa = PBXBuildFile; fileRef = 9E764D7B64DC0B30F61736C2 /* Brand.swift */; };
		36BA135ACFB2A57DAA7770DB /* RestNotificationDelegate.swift in Sources */ = {isa = PBXBuildFile; fileRef = 594D85175B37A645A8F4D01D /* RestNotificationDelegate.swift */; };
		471A99E5FCDDA1321AAC4E25 /* MuscleSetsWidget.swift in Sources */ = {isa = PBXBuildFile; fileRef = B0BBD971330E9A45A9FDAB40 /* MuscleSetsWidget.swift */; };
		4C599DDF19AAA63030394650 /* Widgets.appex in Embed Foundation Extensions */ = {isa = PBXBuildFile; fileRef = 0AA7C4240F60FBA6BFDFA48C /* Widgets.appex */; settings = {ATTRIBUTES = (RemoveHeadersOnCopy, ); }; };
		4D22ABE92AF431CB00220026 /* CapApp-SPM in Frameworks */ = {isa = PBXBuildFile; productRef = 4D22ABE82AF431CB00220026 /* CapApp-SPM */; };
		4E35D658CB8D92B40EE15EBC /* PrivacyInfo.xcprivacy in Resources */ = {isa = PBXBuildFile; fileRef = DF710AB3E6C9ACDA0F664DF2 /* PrivacyInfo.xcprivacy */; };
		50379B232058CBB4000EE86E /* capacitor.config.json in Resources */ = {isa = PBXBuildFile; fileRef = 50379B222058CBB4000EE86E /* capacitor.config.json */; };
		504EC3081FED79650016851F /* AppDelegate.swift in Sources */ = {isa = PBXBuildFile; fileRef = 504EC3071FED79650016851F /* AppDelegate.swift */; };
		504EC30D1FED79650016851F /* Main.storyboard in Resources */ = {isa = PBXBuildFile; fileRef = 504EC30B1FED79650016851F /* Main.storyboard */; };
		504EC30F1FED79650016851F /* Assets.xcassets in Resources */ = {isa = PBXBuildFile; fileRef = 504EC30E1FED79650016851F /* Assets.xcassets */; };
		504EC3121FED79650016851F /* LaunchScreen.storyboard in Resources */ = {isa = PBXBuildFile; fileRef = 504EC3101FED79650016851F /* LaunchScreen.storyboard */; };
		508F80FC23A458CA74EEA40A /* Brand.swift in Sources */ = {isa = PBXBuildFile; fileRef = 9E764D7B64DC0B30F61736C2 /* Brand.swift */; };
		50B271D11FEDC1A000F3C39B /* public in Resources */ = {isa = PBXBuildFile; fileRef = 50B271D01FEDC1A000F3C39B /* public */; };
		578730E6B66FDE7C7FA58B60 /* LiftTrendWidget.swift in Sources */ = {isa = PBXBuildFile; fileRef = 70DEEB8D3582BC1090E5774D /* LiftTrendWidget.swift */; };
		5A4DC9A16ACB2321DD05AA40 /* WatchBridge.swift in Sources */ = {isa = PBXBuildFile; fileRef = D8D31F000A346ED243C4DACB /* WatchBridge.swift */; };
		5D5D2FB0553F6857A4C04D34 /* Foundation.framework in Frameworks */ = {isa = PBXBuildFile; fileRef = 4ABA843C8C93CE0627249E2A /* Foundation.framework */; };
		5DBE2EFD05E3C7D632E2C61B /* WidgetSnapshot.swift in Sources */ = {isa = PBXBuildFile; fileRef = A0698C652BA0F0FF3F70E4BD /* WidgetSnapshot.swift */; };
		5FCCD0AD73F5973DB5988E8D /* WatchWidgets.appex in Embed Foundation Extensions */ = {isa = PBXBuildFile; fileRef = DD1E5AB90CA00DFC5ACD17F5 /* WatchWidgets.appex */; settings = {ATTRIBUTES = (RemoveHeadersOnCopy, ); }; };
		63C025AAC8D6308BBD42333E /* WatchModel.swift in Sources */ = {isa = PBXBuildFile; fileRef = 96FAB8D3D73D996DDE5AF894 /* WatchModel.swift */; };
		643A49B147EA0882840B1083 /* RestControl.swift in Sources */ = {isa = PBXBuildFile; fileRef = 1A7962EF1115AA0BB0C36256 /* RestControl.swift */; };
		7314CA5A426DF562348DB92B /* SiriEntities.swift in Sources */ = {isa = PBXBuildFile; fileRef = B1F973C12CB48A69B40CC186 /* SiriEntities.swift */; };
		76F685228045F02BDC8E6436 /* PrivacyInfo.xcprivacy in Resources */ = {isa = PBXBuildFile; fileRef = 3E9D4B653A88F850CB8276CD /* PrivacyInfo.xcprivacy */; };
		82498FE415AD2AFEBA1C0F83 /* Brand.swift in Sources */ = {isa = PBXBuildFile; fileRef = 9E764D7B64DC0B30F61736C2 /* Brand.swift */; };
		85F02C9358DA7EB2C458E808 /* SpotlightIndex.swift in Sources */ = {isa = PBXBuildFile; fileRef = 4A87CFC9D5EEE63BB1297D76 /* SpotlightIndex.swift */; };
		863BE3ADF8E61DC2CB6E81BB /* Assets.xcassets in Resources */ = {isa = PBXBuildFile; fileRef = EE961C272C929C4D2FE7F294 /* Assets.xcassets */; };
		8DC284F879436D0A89A12B5D /* FattyWatchApp.swift in Sources */ = {isa = PBXBuildFile; fileRef = 3994D398D993B0C2B151C389 /* FattyWatchApp.swift */; };
		8ECE7034DA39468FAB641943 /* Keychain.swift in Sources */ = {isa = PBXBuildFile; fileRef = F9484A68A11DA3D83F1F06DE /* Keychain.swift */; };
		9042C73CAF4E353BAFC3B41C /* HellBlazerWidgets.swift in Sources */ = {isa = PBXBuildFile; fileRef = 1BD166C70D966F0D677F4FBD /* HellBlazerWidgets.swift */; };
		9582B6832FE993A70072D4E8 /* SceneDelegate.swift in Sources */ = {isa = PBXBuildFile; fileRef = 9582B6822FE993A50072D4E8 /* SceneDelegate.swift */; };
		981D0BC681AF9472E2C51795 /* StartWorkoutControl.swift in Sources */ = {isa = PBXBuildFile; fileRef = 103E74048CAD88C8C6468C01 /* StartWorkoutControl.swift */; };
		9B12E6AF9378E92AE41B49E8 /* WorkoutActivityAttributes.swift in Sources */ = {isa = PBXBuildFile; fileRef = 6B9632B13BCA779AEFE286F5 /* WorkoutActivityAttributes.swift */; };
		A25CA3DD2421571E3CBBE81A /* Foundation.framework in Frameworks */ = {isa = PBXBuildFile; fileRef = 4ABA843C8C93CE0627249E2A /* Foundation.framework */; };
		A70AC4541676B4CC4BA8376E /* PrivacyInfo.xcprivacy in Resources */ = {isa = PBXBuildFile; fileRef = D256DB474CD275086B6EB5D6 /* PrivacyInfo.xcprivacy */; };
		B021219EFE8184E526DE70FA /* AppShortcuts.swift in Sources */ = {isa = PBXBuildFile; fileRef = A2837B7ECD30702F1A5EA08B /* AppShortcuts.swift */; };
		B0B57A5761E290E4B7E582AE /* Watch.app in Embed Watch Content */ = {isa = PBXBuildFile; fileRef = F62D210AC400F563573F4E41 /* Watch.app */; settings = {ATTRIBUTES = (RemoveHeadersOnCopy, ); }; };
		C0910D6C708A3DCD4DC12D0C /* WatchAPI.swift in Sources */ = {isa = PBXBuildFile; fileRef = 938CA7BBAA4BFB5CA79736B4 /* WatchAPI.swift */; };
		CB3EAE71F2A473EFC7C3EBDE /* WorkoutView.swift in Sources */ = {isa = PBXBuildFile; fileRef = 0ED6AC668BD4926FE78263EC /* WorkoutView.swift */; };
		CDA4FF4A1EEF1B19964E4AD2 /* RootView.swift in Sources */ = {isa = PBXBuildFile; fileRef = 6517DA958AF534B93FBF8D94 /* RootView.swift */; };
		D7595755F8A990CF6BDB3DBB /* WorkoutLiveActivity.swift in Sources */ = {isa = PBXBuildFile; fileRef = C4FBDA18709D59FBB38210C0 /* WorkoutLiveActivity.swift */; };
		D75DE96730E08621FA8B7A00 /* PhoneLink.swift in Sources */ = {isa = PBXBuildFile; fileRef = 41970A0FFFE38A51C9F8CCEB /* PhoneLink.swift */; };
		D9591F682BE6B66865C14C90 /* SiriEntities.swift in Sources */ = {isa = PBXBuildFile; fileRef = B1F973C12CB48A69B40CC186 /* SiriEntities.swift */; };
		DA0EF26BAE2C899D2EFDE2BF /* ComplicationData.swift in Sources */ = {isa = PBXBuildFile; fileRef = 979E8F0EA3DF4EA24F4D71DE /* ComplicationData.swift */; };
		E032D3DB9D99BB1FF3E0495E /* Foundation.framework in Frameworks */ = {isa = PBXBuildFile; fileRef = 346DF9A657CA2BB7C1B6814B /* Foundation.framework */; };
		E91CADD37762B34D12F5F84C /* HellBlazerNativePlugin.swift in Sources */ = {isa = PBXBuildFile; fileRef = 54AF69C243167ECF038011CA /* HellBlazerNativePlugin.swift */; };
		ED6AB91710DC525C89AEBA93 /* HellBlazerViewController.swift in Sources */ = {isa = PBXBuildFile; fileRef = 5724C9C27D2BB8D590B96ED0 /* HellBlazerViewController.swift */; };
		FB4649089CC2CD0BAF084AA5 /* NextBoutWidget.swift in Sources */ = {isa = PBXBuildFile; fileRef = C0BCE5CCA325F70D9DB0EDEF /* NextBoutWidget.swift */; };
/* End PBXBuildFile section */

/* Begin PBXContainerItemProxy section */
		001BD6A115C888FB2A8FF131 /* PBXContainerItemProxy */ = {
			isa = PBXContainerItemProxy;
			containerPortal = 504EC2FC1FED79650016851F /* Project object */;
			proxyType = 1;
			remoteGlobalIDString = B3C870224F3C8C27344AD9B8;
			remoteInfo = Watch;
		};
		2B36C0755EE1181617C19B2B /* PBXContainerItemProxy */ = {
			isa = PBXContainerItemProxy;
			containerPortal = 504EC2FC1FED79650016851F /* Project object */;
			proxyType = 1;
			remoteGlobalIDString = 2657F60699322CF9978D8C39;
			remoteInfo = Widgets;
		};
		EFBF1BEB0B7F9B73CB956077 /* PBXContainerItemProxy */ = {
			isa = PBXContainerItemProxy;
			containerPortal = 504EC2FC1FED79650016851F /* Project object */;
			proxyType = 1;
			remoteGlobalIDString = 122612AD2355E8EF947B651E;
			remoteInfo = WatchWidgets;
		};
/* End PBXContainerItemProxy section */

/* Begin PBXCopyFilesBuildPhase section */
		766BC115331EF288E95FBFC2 /* Embed Watch Content */ = {
			isa = PBXCopyFilesBuildPhase;
			buildActionMask = 2147483647;
			dstPath = "$(CONTENTS_FOLDER_PATH)/Watch";
			dstSubfolderSpec = 16;
			files = (
				B0B57A5761E290E4B7E582AE /* Watch.app in Embed Watch Content */,
			);
			name = "Embed Watch Content";
			runOnlyForDeploymentPostprocessing = 0;
		};
		95B7C43AF921BFB50902323B /* Embed Foundation Extensions */ = {
			isa = PBXCopyFilesBuildPhase;
			buildActionMask = 2147483647;
			dstPath = "";
			dstSubfolderSpec = 13;
			files = (
				4C599DDF19AAA63030394650 /* Widgets.appex in Embed Foundation Extensions */,
			);
			name = "Embed Foundation Extensions";
			runOnlyForDeploymentPostprocessing = 0;
		};
		A63889A7AFE2B0FA738F7FE4 /* Embed Foundation Extensions */ = {
			isa = PBXCopyFilesBuildPhase;
			buildActionMask = 2147483647;
			dstPath = "";
			dstSubfolderSpec = 13;
			files = (
				5FCCD0AD73F5973DB5988E8D /* WatchWidgets.appex in Embed Foundation Extensions */,
			);
			name = "Embed Foundation Extensions";
			runOnlyForDeploymentPostprocessing = 0;
		};
/* End PBXCopyFilesBuildPhase section */

/* Begin PBXFileReference section */
		0AA7C4240F60FBA6BFDFA48C /* Widgets.appex */ = {isa = PBXFileReference; explicitFileType = "wrapper.app-extension"; includeInIndex = 0; path = Widgets.appex; sourceTree = BUILT_PRODUCTS_DIR; };
		0ED6AC668BD4926FE78263EC /* WorkoutView.swift */ = {isa = PBXFileReference; includeInIndex = 1; lastKnownFileType = sourcecode.swift; path = WorkoutView.swift; sourceTree = "<group>"; };
		103E74048CAD88C8C6468C01 /* StartWorkoutControl.swift */ = {isa = PBXFileReference; includeInIndex = 1; lastKnownFileType = sourcecode.swift; path = StartWorkoutControl.swift; sourceTree = "<group>"; };
		1A7962EF1115AA0BB0C36256 /* RestControl.swift */ = {isa = PBXFileReference; includeInIndex = 1; lastKnownFileType = sourcecode.swift; path = RestControl.swift; sourceTree = "<group>"; };
		1AD6781B48AC595131C550BD /* FattyComplication.swift */ = {isa = PBXFileReference; includeInIndex = 1; lastKnownFileType = sourcecode.swift; path = FattyComplication.swift; sourceTree = "<group>"; };
		1BD166C70D966F0D677F4FBD /* HellBlazerWidgets.swift */ = {isa = PBXFileReference; includeInIndex = 1; lastKnownFileType = sourcecode.swift; path = HellBlazerWidgets.swift; sourceTree = "<group>"; };
		1ED6052E03D446458CB5EF95 /* App.entitlements */ = {isa = PBXFileReference; includeInIndex = 1; lastKnownFileType = text.plist.entitlements; path = App.entitlements; sourceTree = "<group>"; };
		1ED73D6C20F18E234E75ACDF /* WatchWidgets.entitlements */ = {isa = PBXFileReference; includeInIndex = 1; lastKnownFileType = text.plist.entitlements; path = WatchWidgets.entitlements; sourceTree = "<group>"; };
		2FAD9762203C412B000D30F8 /* config.xml */ = {isa = PBXFileReference; lastKnownFileType = text.xml; path = config.xml; sourceTree = "<group>"; };
		346DF9A657CA2BB7C1B6814B /* Foundation.framework */ = {isa = PBXFileReference; lastKnownFileType = wrapper.framework; name = Foundation.framework; path = Platforms/iPhoneOS.platform/Developer/SDKs/iPhoneOS26.0.sdk/System/Library/Frameworks/Foundation.framework; sourceTree = DEVELOPER_DIR; };
		3994D398D993B0C2B151C389 /* FattyWatchApp.swift */ = {isa = PBXFileReference; includeInIndex = 1; lastKnownFileType = sourcecode.swift; path = FattyWatchApp.swift; sourceTree = "<group>"; };
		3BA42FA30F9E9B369C0E224B /* Watch.entitlements */ = {isa = PBXFileReference; includeInIndex = 1; lastKnownFileType = text.plist.entitlements; path = Watch.entitlements; sourceTree = "<group>"; };
		3E9D4B653A88F850CB8276CD /* PrivacyInfo.xcprivacy */ = {isa = PBXFileReference; includeInIndex = 1; path = PrivacyInfo.xcprivacy; sourceTree = "<group>"; };
		3F4986A168C735F865609240 /* PrivacyInfo.xcprivacy */ = {isa = PBXFileReference; includeInIndex = 1; path = PrivacyInfo.xcprivacy; sourceTree = "<group>"; };
		41970A0FFFE38A51C9F8CCEB /* PhoneLink.swift */ = {isa = PBXFileReference; includeInIndex = 1; lastKnownFileType = sourcecode.swift; path = PhoneLink.swift; sourceTree = "<group>"; };
		42FED055567C6CE7CFACDB59 /* WorkoutRecorder.swift */ = {isa = PBXFileReference; includeInIndex = 1; lastKnownFileType = sourcecode.swift; path = WorkoutRecorder.swift; sourceTree = "<group>"; };
		4A87CFC9D5EEE63BB1297D76 /* SpotlightIndex.swift */ = {isa = PBXFileReference; includeInIndex = 1; lastKnownFileType = sourcecode.swift; path = SpotlightIndex.swift; sourceTree = "<group>"; };
		4ABA843C8C93CE0627249E2A /* Foundation.framework */ = {isa = PBXFileReference; lastKnownFileType = wrapper.framework; name = Foundation.framework; path = Platforms/WatchOS.platform/Developer/SDKs/WatchOS26.0.sdk/System/Library/Frameworks/Foundation.framework; sourceTree = DEVELOPER_DIR; };
		50379B222058CBB4000EE86E /* capacitor.config.json */ = {isa = PBXFileReference; fileEncoding = 4; lastKnownFileType = text.json; path = capacitor.config.json; sourceTree = "<group>"; };
		504EC3041FED79650016851F /* App.app */ = {isa = PBXFileReference; explicitFileType = wrapper.application; includeInIndex = 0; path = App.app; sourceTree = BUILT_PRODUCTS_DIR; };
		504EC3071FED79650016851F /* AppDelegate.swift */ = {isa = PBXFileReference; lastKnownFileType = sourcecode.swift; path = AppDelegate.swift; sourceTree = "<group>"; };
		504EC30C1FED79650016851F /* Base */ = {isa = PBXFileReference; lastKnownFileType = file.storyboard; name = Base; path = Base.lproj/Main.storyboard; sourceTree = "<group>"; };
		504EC30E1FED79650016851F /* Assets.xcassets */ = {isa = PBXFileReference; lastKnownFileType = folder.assetcatalog; path = Assets.xcassets; sourceTree = "<group>"; };
		504EC3111FED79650016851F /* Base */ = {isa = PBXFileReference; lastKnownFileType = file.storyboard; name = Base; path = Base.lproj/LaunchScreen.storyboard; sourceTree = "<group>"; };
		504EC3131FED79650016851F /* Info.plist */ = {isa = PBXFileReference; lastKnownFileType = text.plist.xml; path = Info.plist; sourceTree = "<group>"; };
		50B271D01FEDC1A000F3C39B /* public */ = {isa = PBXFileReference; lastKnownFileType = folder; path = public; sourceTree = "<group>"; };
		54AF69C243167ECF038011CA /* HellBlazerNativePlugin.swift */ = {isa = PBXFileReference; includeInIndex = 1; lastKnownFileType = sourcecode.swift; path = HellBlazerNativePlugin.swift; sourceTree = "<group>"; };
		5724C9C27D2BB8D590B96ED0 /* HellBlazerViewController.swift */ = {isa = PBXFileReference; includeInIndex = 1; lastKnownFileType = sourcecode.swift; path = HellBlazerViewController.swift; sourceTree = "<group>"; };
		594D85175B37A645A8F4D01D /* RestNotificationDelegate.swift */ = {isa = PBXFileReference; includeInIndex = 1; lastKnownFileType = sourcecode.swift; path = RestNotificationDelegate.swift; sourceTree = "<group>"; };
		5B5C3E8A727B2CB1A8BB2600 /* Info.plist */ = {isa = PBXFileReference; includeInIndex = 1; lastKnownFileType = text.plist.xml; path = Info.plist; sourceTree = "<group>"; };
		6517DA958AF534B93FBF8D94 /* RootView.swift */ = {isa = PBXFileReference; includeInIndex = 1; lastKnownFileType = sourcecode.swift; path = RootView.swift; sourceTree = "<group>"; };
		6B9632B13BCA779AEFE286F5 /* WorkoutActivityAttributes.swift */ = {isa = PBXFileReference; includeInIndex = 1; lastKnownFileType = sourcecode.swift; path = WorkoutActivityAttributes.swift; sourceTree = "<group>"; };
		70DEEB8D3582BC1090E5774D /* LiftTrendWidget.swift */ = {isa = PBXFileReference; includeInIndex = 1; lastKnownFileType = sourcecode.swift; path = LiftTrendWidget.swift; sourceTree = "<group>"; };
		7B020AC17F56F31B373E1AF2 /* Widgets.entitlements */ = {isa = PBXFileReference; includeInIndex = 1; lastKnownFileType = text.plist.entitlements; path = Widgets.entitlements; sourceTree = "<group>"; };
		890B8AFF1B220147D99B8051 /* Info.plist */ = {isa = PBXFileReference; includeInIndex = 1; lastKnownFileType = text.plist.xml; path = Info.plist; sourceTree = "<group>"; };
		938CA7BBAA4BFB5CA79736B4 /* WatchAPI.swift */ = {isa = PBXFileReference; includeInIndex = 1; lastKnownFileType = sourcecode.swift; path = WatchAPI.swift; sourceTree = "<group>"; };
		9582B6822FE993A50072D4E8 /* SceneDelegate.swift */ = {isa = PBXFileReference; lastKnownFileType = sourcecode.swift; path = SceneDelegate.swift; sourceTree = "<group>"; };
		958DCC722DB07C7200EA8C5F /* debug.xcconfig */ = {isa = PBXFileReference; lastKnownFileType = text.xcconfig; name = debug.xcconfig; path = ../debug.xcconfig; sourceTree = SOURCE_ROOT; };
		96FAB8D3D73D996DDE5AF894 /* WatchModel.swift */ = {isa = PBXFileReference; includeInIndex = 1; lastKnownFileType = sourcecode.swift; path = WatchModel.swift; sourceTree = "<group>"; };
		979E8F0EA3DF4EA24F4D71DE /* ComplicationData.swift */ = {isa = PBXFileReference; includeInIndex = 1; lastKnownFileType = sourcecode.swift; path = ComplicationData.swift; sourceTree = "<group>"; };
		9E764D7B64DC0B30F61736C2 /* Brand.swift */ = {isa = PBXFileReference; includeInIndex = 1; lastKnownFileType = sourcecode.swift; path = Brand.swift; sourceTree = "<group>"; };
		A0698C652BA0F0FF3F70E4BD /* WidgetSnapshot.swift */ = {isa = PBXFileReference; includeInIndex = 1; lastKnownFileType = sourcecode.swift; path = WidgetSnapshot.swift; sourceTree = "<group>"; };
		A2837B7ECD30702F1A5EA08B /* AppShortcuts.swift */ = {isa = PBXFileReference; includeInIndex = 1; lastKnownFileType = sourcecode.swift; path = AppShortcuts.swift; sourceTree = "<group>"; };
		B0BBD971330E9A45A9FDAB40 /* MuscleSetsWidget.swift */ = {isa = PBXFileReference; includeInIndex = 1; lastKnownFileType = sourcecode.swift; path = MuscleSetsWidget.swift; sourceTree = "<group>"; };
		B1F973C12CB48A69B40CC186 /* SiriEntities.swift */ = {isa = PBXFileReference; includeInIndex = 1; lastKnownFileType = sourcecode.swift; path = SiriEntities.swift; sourceTree = "<group>"; };
		BABF05316F5ABD596989B869 /* OpenAppIntents.swift */ = {isa = PBXFileReference; includeInIndex = 1; lastKnownFileType = sourcecode.swift; path = OpenAppIntents.swift; sourceTree = "<group>"; };
		BC975719ED07215613FDFE0C /* Info.plist */ = {isa = PBXFileReference; includeInIndex = 1; lastKnownFileType = text.plist.xml; path = Info.plist; sourceTree = "<group>"; };
		C0BCE5CCA325F70D9DB0EDEF /* NextBoutWidget.swift */ = {isa = PBXFileReference; includeInIndex = 1; lastKnownFileType = sourcecode.swift; path = NextBoutWidget.swift; sourceTree = "<group>"; };
		C4FBDA18709D59FBB38210C0 /* WorkoutLiveActivity.swift */ = {isa = PBXFileReference; includeInIndex = 1; lastKnownFileType = sourcecode.swift; path = WorkoutLiveActivity.swift; sourceTree = "<group>"; };
		D256DB474CD275086B6EB5D6 /* PrivacyInfo.xcprivacy */ = {isa = PBXFileReference; includeInIndex = 1; path = PrivacyInfo.xcprivacy; sourceTree = "<group>"; };
		D8D31F000A346ED243C4DACB /* WatchBridge.swift */ = {isa = PBXFileReference; includeInIndex = 1; lastKnownFileType = sourcecode.swift; path = WatchBridge.swift; sourceTree = "<group>"; };
		DD1E5AB90CA00DFC5ACD17F5 /* WatchWidgets.appex */ = {isa = PBXFileReference; explicitFileType = "wrapper.app-extension"; includeInIndex = 0; path = WatchWidgets.appex; sourceTree = BUILT_PRODUCTS_DIR; };
		DF710AB3E6C9ACDA0F664DF2 /* PrivacyInfo.xcprivacy */ = {isa = PBXFileReference; includeInIndex = 1; path = PrivacyInfo.xcprivacy; sourceTree = "<group>"; };
		ED6643D2165D33B6C0F89469 /* WidgetRefresher.swift */ = {isa = PBXFileReference; includeInIndex = 1; lastKnownFileType = sourcecode.swift; path = WidgetRefresher.swift; sourceTree = "<group>"; };
		EE961C272C929C4D2FE7F294 /* Assets.xcassets */ = {isa = PBXFileReference; includeInIndex = 1; lastKnownFileType = folder.assetcatalog; path = Assets.xcassets; sourceTree = "<group>"; };
		F62D210AC400F563573F4E41 /* Watch.app */ = {isa = PBXFileReference; explicitFileType = wrapper.application; includeInIndex = 0; path = Watch.app; sourceTree = BUILT_PRODUCTS_DIR; };
		F9484A68A11DA3D83F1F06DE /* Keychain.swift */ = {isa = PBXFileReference; includeInIndex = 1; lastKnownFileType = sourcecode.swift; path = Keychain.swift; sourceTree = "<group>"; };
/* End PBXFileReference section */

/* Begin PBXFrameworksBuildPhase section */
		1E40E5414201EC8A94086D1C /* Frameworks */ = {
			isa = PBXFrameworksBuildPhase;
			buildActionMask = 2147483647;
			files = (
				E032D3DB9D99BB1FF3E0495E /* Foundation.framework in Frameworks */,
			);
			runOnlyForDeploymentPostprocessing = 0;
		};
		504EC3011FED79650016851F /* Frameworks */ = {
			isa = PBXFrameworksBuildPhase;
			buildActionMask = 2147483647;
			files = (
				4D22ABE92AF431CB00220026 /* CapApp-SPM in Frameworks */,
			);
			runOnlyForDeploymentPostprocessing = 0;
		};
		9AA2FBBF7FA49F718FE4A170 /* Frameworks */ = {
			isa = PBXFrameworksBuildPhase;
			buildActionMask = 2147483647;
			files = (
				A25CA3DD2421571E3CBBE81A /* Foundation.framework in Frameworks */,
			);
			runOnlyForDeploymentPostprocessing = 0;
		};
		AF7506D82D069821CD6637AD /* Frameworks */ = {
			isa = PBXFrameworksBuildPhase;
			buildActionMask = 2147483647;
			files = (
				5D5D2FB0553F6857A4C04D34 /* Foundation.framework in Frameworks */,
			);
			runOnlyForDeploymentPostprocessing = 0;
		};
/* End PBXFrameworksBuildPhase section */

/* Begin PBXGroup section */
		37CF2E57003E0127BDA347CA /* Watch */ = {
			isa = PBXGroup;
			children = (
				3994D398D993B0C2B151C389 /* FattyWatchApp.swift */,
				6517DA958AF534B93FBF8D94 /* RootView.swift */,
				0ED6AC668BD4926FE78263EC /* WorkoutView.swift */,
				96FAB8D3D73D996DDE5AF894 /* WatchModel.swift */,
				938CA7BBAA4BFB5CA79736B4 /* WatchAPI.swift */,
				41970A0FFFE38A51C9F8CCEB /* PhoneLink.swift */,
				42FED055567C6CE7CFACDB59 /* WorkoutRecorder.swift */,
				BC975719ED07215613FDFE0C /* Info.plist */,
				3BA42FA30F9E9B369C0E224B /* Watch.entitlements */,
				EE961C272C929C4D2FE7F294 /* Assets.xcassets */,
				3E9D4B653A88F850CB8276CD /* PrivacyInfo.xcprivacy */,
			);
			name = Watch;
			path = Watch;
			sourceTree = "<group>";
		};
		504EC2FB1FED79650016851F = {
			isa = PBXGroup;
			children = (
				958DCC722DB07C7200EA8C5F /* debug.xcconfig */,
				504EC3061FED79650016851F /* App */,
				504EC3051FED79650016851F /* Products */,
				DC17EF51BDA36FF768E2035A /* Frameworks */,
				C2AAFA3C971FA54909CC84FF /* Widgets */,
				EA6DA5A10D9F3414498772E8 /* Shared */,
				37CF2E57003E0127BDA347CA /* Watch */,
				60F3F68B294467B2A73868EA /* WatchWidgets */,
				63BC0BB9FB717E850A462BDB /* WatchShared */,
			);
			sourceTree = "<group>";
		};
		504EC3051FED79650016851F /* Products */ = {
			isa = PBXGroup;
			children = (
				504EC3041FED79650016851F /* App.app */,
				0AA7C4240F60FBA6BFDFA48C /* Widgets.appex */,
				F62D210AC400F563573F4E41 /* Watch.app */,
				DD1E5AB90CA00DFC5ACD17F5 /* WatchWidgets.appex */,
			);
			name = Products;
			sourceTree = "<group>";
		};
		504EC3061FED79650016851F /* App */ = {
			isa = PBXGroup;
			children = (
				9582B6822FE993A50072D4E8 /* SceneDelegate.swift */,
				50379B222058CBB4000EE86E /* capacitor.config.json */,
				504EC3071FED79650016851F /* AppDelegate.swift */,
				504EC30B1FED79650016851F /* Main.storyboard */,
				504EC30E1FED79650016851F /* Assets.xcassets */,
				504EC3101FED79650016851F /* LaunchScreen.storyboard */,
				504EC3131FED79650016851F /* Info.plist */,
				2FAD9762203C412B000D30F8 /* config.xml */,
				50B271D01FEDC1A000F3C39B /* public */,
				5724C9C27D2BB8D590B96ED0 /* HellBlazerViewController.swift */,
				54AF69C243167ECF038011CA /* HellBlazerNativePlugin.swift */,
				A2837B7ECD30702F1A5EA08B /* AppShortcuts.swift */,
				1ED6052E03D446458CB5EF95 /* App.entitlements */,
				D256DB474CD275086B6EB5D6 /* PrivacyInfo.xcprivacy */,
				D8D31F000A346ED243C4DACB /* WatchBridge.swift */,
				594D85175B37A645A8F4D01D /* RestNotificationDelegate.swift */,
				4A87CFC9D5EEE63BB1297D76 /* SpotlightIndex.swift */,
				ED6643D2165D33B6C0F89469 /* WidgetRefresher.swift */,
			);
			path = App;
			sourceTree = "<group>";
		};
		60F3F68B294467B2A73868EA /* WatchWidgets */ = {
			isa = PBXGroup;
			children = (
				1AD6781B48AC595131C550BD /* FattyComplication.swift */,
				890B8AFF1B220147D99B8051 /* Info.plist */,
				1ED73D6C20F18E234E75ACDF /* WatchWidgets.entitlements */,
				3F4986A168C735F865609240 /* PrivacyInfo.xcprivacy */,
			);
			name = WatchWidgets;
			path = WatchWidgets;
			sourceTree = "<group>";
		};
		63BC0BB9FB717E850A462BDB /* WatchShared */ = {
			isa = PBXGroup;
			children = (
				979E8F0EA3DF4EA24F4D71DE /* ComplicationData.swift */,
			);
			name = WatchShared;
			path = WatchShared;
			sourceTree = "<group>";
		};
		931E7343AD14A1CD53516756 /* iOS */ = {
			isa = PBXGroup;
			children = (
				346DF9A657CA2BB7C1B6814B /* Foundation.framework */,
			);
			name = iOS;
			sourceTree = "<group>";
		};
		A3EAAD1D604975DEFF5D2989 /* watchOS */ = {
			isa = PBXGroup;
			children = (
				4ABA843C8C93CE0627249E2A /* Foundation.framework */,
			);
			name = watchOS;
			sourceTree = "<group>";
		};
		C2AAFA3C971FA54909CC84FF /* Widgets */ = {
			isa = PBXGroup;
			children = (
				1BD166C70D966F0D677F4FBD /* HellBlazerWidgets.swift */,
				9E764D7B64DC0B30F61736C2 /* Brand.swift */,
				C4FBDA18709D59FBB38210C0 /* WorkoutLiveActivity.swift */,
				C0BCE5CCA325F70D9DB0EDEF /* NextBoutWidget.swift */,
				5B5C3E8A727B2CB1A8BB2600 /* Info.plist */,
				7B020AC17F56F31B373E1AF2 /* Widgets.entitlements */,
				DF710AB3E6C9ACDA0F664DF2 /* PrivacyInfo.xcprivacy */,
				103E74048CAD88C8C6468C01 /* StartWorkoutControl.swift */,
				B0BBD971330E9A45A9FDAB40 /* MuscleSetsWidget.swift */,
				70DEEB8D3582BC1090E5774D /* LiftTrendWidget.swift */,
			);
			name = Widgets;
			path = Widgets;
			sourceTree = "<group>";
		};
		DC17EF51BDA36FF768E2035A /* Frameworks */ = {
			isa = PBXGroup;
			children = (
				931E7343AD14A1CD53516756 /* iOS */,
				A3EAAD1D604975DEFF5D2989 /* watchOS */,
			);
			name = Frameworks;
			sourceTree = "<group>";
		};
		EA6DA5A10D9F3414498772E8 /* Shared */ = {
			isa = PBXGroup;
			children = (
				6B9632B13BCA779AEFE286F5 /* WorkoutActivityAttributes.swift */,
				A0698C652BA0F0FF3F70E4BD /* WidgetSnapshot.swift */,
				1A7962EF1115AA0BB0C36256 /* RestControl.swift */,
				BABF05316F5ABD596989B869 /* OpenAppIntents.swift */,
				F9484A68A11DA3D83F1F06DE /* Keychain.swift */,
				B1F973C12CB48A69B40CC186 /* SiriEntities.swift */,
			);
			name = Shared;
			path = Shared;
			sourceTree = "<group>";
		};
/* End PBXGroup section */

/* Begin PBXNativeTarget section */
		122612AD2355E8EF947B651E /* WatchWidgets */ = {
			isa = PBXNativeTarget;
			buildConfigurationList = C932EEBF2BE4924EFBFB957E /* Build configuration list for PBXNativeTarget "WatchWidgets" */;
			buildPhases = (
				B8A917950007B8BB6D19DF3C /* Sources */,
				9AA2FBBF7FA49F718FE4A170 /* Frameworks */,
				723A63CD1C3829BCCCEDC133 /* Resources */,
			);
			buildRules = (
			);
			dependencies = (
			);
			name = WatchWidgets;
			productName = WatchWidgets;
			productReference = DD1E5AB90CA00DFC5ACD17F5 /* WatchWidgets.appex */;
			productType = "com.apple.product-type.app-extension";
		};
		2657F60699322CF9978D8C39 /* Widgets */ = {
			isa = PBXNativeTarget;
			buildConfigurationList = 479F0A1DA5B55A8BA5650F40 /* Build configuration list for PBXNativeTarget "Widgets" */;
			buildPhases = (
				181B5D62138D64B242831F36 /* Sources */,
				1E40E5414201EC8A94086D1C /* Frameworks */,
				DE8C85E2D1E83415A145D229 /* Resources */,
			);
			buildRules = (
			);
			dependencies = (
			);
			name = Widgets;
			productName = Widgets;
			productReference = 0AA7C4240F60FBA6BFDFA48C /* Widgets.appex */;
			productType = "com.apple.product-type.app-extension";
		};
		504EC3031FED79650016851F /* App */ = {
			isa = PBXNativeTarget;
			buildConfigurationList = 504EC3161FED79650016851F /* Build configuration list for PBXNativeTarget "App" */;
			buildPhases = (
				504EC3001FED79650016851F /* Sources */,
				504EC3011FED79650016851F /* Frameworks */,
				504EC3021FED79650016851F /* Resources */,
				95B7C43AF921BFB50902323B /* Embed Foundation Extensions */,
				766BC115331EF288E95FBFC2 /* Embed Watch Content */,
			);
			buildRules = (
			);
			dependencies = (
				BB032B4D4B9A20801EBBC263 /* PBXTargetDependency */,
				F29A6B1D1B6F096F01576710 /* PBXTargetDependency */,
			);
			name = App;
			packageProductDependencies = (
				4D22ABE82AF431CB00220026 /* CapApp-SPM */,
			);
			productName = App;
			productReference = 504EC3041FED79650016851F /* App.app */;
			productType = "com.apple.product-type.application";
		};
		B3C870224F3C8C27344AD9B8 /* Watch */ = {
			isa = PBXNativeTarget;
			buildConfigurationList = C1EEDFFF4261C01740FACD0A /* Build configuration list for PBXNativeTarget "Watch" */;
			buildPhases = (
				2259A9E3309103542E48AACF /* Sources */,
				AF7506D82D069821CD6637AD /* Frameworks */,
				067B50E9EDB80BB7EDF0FA03 /* Resources */,
				A63889A7AFE2B0FA738F7FE4 /* Embed Foundation Extensions */,
			);
			buildRules = (
			);
			dependencies = (
				E6BD77D4B2F0923D6D0CA1E7 /* PBXTargetDependency */,
			);
			name = Watch;
			productName = Watch;
			productReference = F62D210AC400F563573F4E41 /* Watch.app */;
			productType = "com.apple.product-type.application";
		};
/* End PBXNativeTarget section */

/* Begin PBXProject section */
		504EC2FC1FED79650016851F /* Project object */ = {
			isa = PBXProject;
			attributes = {
				LastSwiftUpdateCheck = 0920;
				LastUpgradeCheck = 0920;
				TargetAttributes = {
					504EC3031FED79650016851F = {
						CreatedOnToolsVersion = 9.2;
						LastSwiftMigration = 1100;
						ProvisioningStyle = Automatic;
					};
				};
			};
			buildConfigurationList = 504EC2FF1FED79650016851F /* Build configuration list for PBXProject "App" */;
			compatibilityVersion = "Xcode 8.0";
			developmentRegion = en;
			hasScannedForEncodings = 0;
			knownRegions = (
				en,
				Base,
			);
			mainGroup = 504EC2FB1FED79650016851F;
			packageReferences = (
				D4C12C0A2AAA248700AAC8A2 /* XCLocalSwiftPackageReference "CapApp-SPM" */,
			);
			productRefGroup = 504EC3051FED79650016851F /* Products */;
			projectDirPath = "";
			projectRoot = "";
			targets = (
				504EC3031FED79650016851F /* App */,
				2657F60699322CF9978D8C39 /* Widgets */,
				B3C870224F3C8C27344AD9B8 /* Watch */,
				122612AD2355E8EF947B651E /* WatchWidgets */,
			);
		};
/* End PBXProject section */

/* Begin PBXResourcesBuildPhase section */
		067B50E9EDB80BB7EDF0FA03 /* Resources */ = {
			isa = PBXResourcesBuildPhase;
			buildActionMask = 2147483647;
			files = (
				863BE3ADF8E61DC2CB6E81BB /* Assets.xcassets in Resources */,
				76F685228045F02BDC8E6436 /* PrivacyInfo.xcprivacy in Resources */,
			);
			runOnlyForDeploymentPostprocessing = 0;
		};
		504EC3021FED79650016851F /* Resources */ = {
			isa = PBXResourcesBuildPhase;
			buildActionMask = 2147483647;
			files = (
				504EC3121FED79650016851F /* LaunchScreen.storyboard in Resources */,
				50B271D11FEDC1A000F3C39B /* public in Resources */,
				504EC30F1FED79650016851F /* Assets.xcassets in Resources */,
				50379B232058CBB4000EE86E /* capacitor.config.json in Resources */,
				504EC30D1FED79650016851F /* Main.storyboard in Resources */,
				2FAD9763203C412B000D30F8 /* config.xml in Resources */,
				A70AC4541676B4CC4BA8376E /* PrivacyInfo.xcprivacy in Resources */,
			);
			runOnlyForDeploymentPostprocessing = 0;
		};
		723A63CD1C3829BCCCEDC133 /* Resources */ = {
			isa = PBXResourcesBuildPhase;
			buildActionMask = 2147483647;
			files = (
				19642DEA0692AFD677D9AAF1 /* PrivacyInfo.xcprivacy in Resources */,
			);
			runOnlyForDeploymentPostprocessing = 0;
		};
		DE8C85E2D1E83415A145D229 /* Resources */ = {
			isa = PBXResourcesBuildPhase;
			buildActionMask = 2147483647;
			files = (
				4E35D658CB8D92B40EE15EBC /* PrivacyInfo.xcprivacy in Resources */,
			);
			runOnlyForDeploymentPostprocessing = 0;
		};
/* End PBXResourcesBuildPhase section */

/* Begin PBXSourcesBuildPhase section */
		181B5D62138D64B242831F36 /* Sources */ = {
			isa = PBXSourcesBuildPhase;
			buildActionMask = 2147483647;
			files = (
				9042C73CAF4E353BAFC3B41C /* HellBlazerWidgets.swift in Sources */,
				82498FE415AD2AFEBA1C0F83 /* Brand.swift in Sources */,
				D7595755F8A990CF6BDB3DBB /* WorkoutLiveActivity.swift in Sources */,
				FB4649089CC2CD0BAF084AA5 /* NextBoutWidget.swift in Sources */,
				9B12E6AF9378E92AE41B49E8 /* WorkoutActivityAttributes.swift in Sources */,
				193BA68ADC3FA7130A989A0A /* WidgetSnapshot.swift in Sources */,
				981D0BC681AF9472E2C51795 /* StartWorkoutControl.swift in Sources */,
				643A49B147EA0882840B1083 /* RestControl.swift in Sources */,
				036D859E3E3682A477A3FB1C /* OpenAppIntents.swift in Sources */,
				471A99E5FCDDA1321AAC4E25 /* MuscleSetsWidget.swift in Sources */,
				578730E6B66FDE7C7FA58B60 /* LiftTrendWidget.swift in Sources */,
				D9591F682BE6B66865C14C90 /* SiriEntities.swift in Sources */,
			);
			runOnlyForDeploymentPostprocessing = 0;
		};
		2259A9E3309103542E48AACF /* Sources */ = {
			isa = PBXSourcesBuildPhase;
			buildActionMask = 2147483647;
			files = (
				8DC284F879436D0A89A12B5D /* FattyWatchApp.swift in Sources */,
				CDA4FF4A1EEF1B19964E4AD2 /* RootView.swift in Sources */,
				CB3EAE71F2A473EFC7C3EBDE /* WorkoutView.swift in Sources */,
				63C025AAC8D6308BBD42333E /* WatchModel.swift in Sources */,
				C0910D6C708A3DCD4DC12D0C /* WatchAPI.swift in Sources */,
				D75DE96730E08621FA8B7A00 /* PhoneLink.swift in Sources */,
				0AC6A3F2E70D70C14A2720D0 /* WorkoutRecorder.swift in Sources */,
				508F80FC23A458CA74EEA40A /* Brand.swift in Sources */,
				8ECE7034DA39468FAB641943 /* Keychain.swift in Sources */,
				DA0EF26BAE2C899D2EFDE2BF /* ComplicationData.swift in Sources */,
			);
			runOnlyForDeploymentPostprocessing = 0;
		};
		504EC3001FED79650016851F /* Sources */ = {
			isa = PBXSourcesBuildPhase;
			buildActionMask = 2147483647;
			files = (
				504EC3081FED79650016851F /* AppDelegate.swift in Sources */,
				9582B6832FE993A70072D4E8 /* SceneDelegate.swift in Sources */,
				ED6AB91710DC525C89AEBA93 /* HellBlazerViewController.swift in Sources */,
				E91CADD37762B34D12F5F84C /* HellBlazerNativePlugin.swift in Sources */,
				B021219EFE8184E526DE70FA /* AppShortcuts.swift in Sources */,
				2AC1D53AC576840337EA0BCD /* WorkoutActivityAttributes.swift in Sources */,
				5DBE2EFD05E3C7D632E2C61B /* WidgetSnapshot.swift in Sources */,
				5A4DC9A16ACB2321DD05AA40 /* WatchBridge.swift in Sources */,
				36BA135ACFB2A57DAA7770DB /* RestNotificationDelegate.swift in Sources */,
				85F02C9358DA7EB2C458E808 /* SpotlightIndex.swift in Sources */,
				0A0055A80A8AAE3C329F0132 /* RestControl.swift in Sources */,
				1FFD46003017306410C4B5D3 /* OpenAppIntents.swift in Sources */,
				12DAC918C8E9791CAAF06CF3 /* Keychain.swift in Sources */,
				1BD7A7F443AADC9349369231 /* WidgetRefresher.swift in Sources */,
				7314CA5A426DF562348DB92B /* SiriEntities.swift in Sources */,
			);
			runOnlyForDeploymentPostprocessing = 0;
		};
		B8A917950007B8BB6D19DF3C /* Sources */ = {
			isa = PBXSourcesBuildPhase;
			buildActionMask = 2147483647;
			files = (
				0EB7ACBA818C0A29908A71B3 /* FattyComplication.swift in Sources */,
				35670A56371A54EF3A6C226E /* Brand.swift in Sources */,
				0F545B399BB30306BCBB49D5 /* ComplicationData.swift in Sources */,
			);
			runOnlyForDeploymentPostprocessing = 0;
		};
/* End PBXSourcesBuildPhase section */

/* Begin PBXTargetDependency section */
		BB032B4D4B9A20801EBBC263 /* PBXTargetDependency */ = {
			isa = PBXTargetDependency;
			name = Widgets;
			target = 2657F60699322CF9978D8C39 /* Widgets */;
			targetProxy = 2B36C0755EE1181617C19B2B /* PBXContainerItemProxy */;
		};
		E6BD77D4B2F0923D6D0CA1E7 /* PBXTargetDependency */ = {
			isa = PBXTargetDependency;
			name = WatchWidgets;
			target = 122612AD2355E8EF947B651E /* WatchWidgets */;
			targetProxy = EFBF1BEB0B7F9B73CB956077 /* PBXContainerItemProxy */;
		};
		F29A6B1D1B6F096F01576710 /* PBXTargetDependency */ = {
			isa = PBXTargetDependency;
			name = Watch;
			target = B3C870224F3C8C27344AD9B8 /* Watch */;
			targetProxy = 001BD6A115C888FB2A8FF131 /* PBXContainerItemProxy */;
		};
/* End PBXTargetDependency section */

/* Begin PBXVariantGroup section */
		504EC30B1FED79650016851F /* Main.storyboard */ = {
			isa = PBXVariantGroup;
			children = (
				504EC30C1FED79650016851F /* Base */,
			);
			name = Main.storyboard;
			sourceTree = "<group>";
		};
		504EC3101FED79650016851F /* LaunchScreen.storyboard */ = {
			isa = PBXVariantGroup;
			children = (
				504EC3111FED79650016851F /* Base */,
			);
			name = LaunchScreen.storyboard;
			sourceTree = "<group>";
		};
/* End PBXVariantGroup section */

/* Begin XCBuildConfiguration section */
		1CF76DFABBFF03B18E2A101D /* Debug */ = {
			isa = XCBuildConfiguration;
			buildSettings = {
				ALWAYS_EMBED_SWIFT_STANDARD_LIBRARIES = YES;
				ASSETCATALOG_COMPILER_APPICON_NAME = AppIcon;
				ASSETCATALOG_COMPILER_GLOBAL_ACCENT_COLOR_NAME = AccentColor;
				CODE_SIGN_ENTITLEMENTS = Watch/Watch.entitlements;
				CODE_SIGN_STYLE = Automatic;
				CURRENT_PROJECT_VERSION = 1;
				ENABLE_PREVIEWS = NO;
				GENERATE_INFOPLIST_FILE = NO;
				INFOPLIST_FILE = Watch/Info.plist;
				LD_RUNPATH_SEARCH_PATHS = (
					"$(inherited)",
					"@executable_path/Frameworks",
				);
				MARKETING_VERSION = 1.5;
				PRODUCT_BUNDLE_IDENTIFIER = com.kkrwhofrags.hellblazer.watchkitapp;
				PRODUCT_NAME = "$(TARGET_NAME)";
				SDKROOT = watchos;
				SKIP_INSTALL = YES;
				SWIFT_VERSION = 5.0;
				TARGETED_DEVICE_FAMILY = 4;
				WATCHOS_DEPLOYMENT_TARGET = 10.0;
			};
			name = Debug;
		};
		3A09518AE58ED31767B0E2E9 /* Release */ = {
			isa = XCBuildConfiguration;
			buildSettings = {
				APPLICATION_EXTENSION_API_ONLY = YES;
				CLANG_ENABLE_OBJC_WEAK = NO;
				CODE_SIGN_ENTITLEMENTS = Widgets/Widgets.entitlements;
				CODE_SIGN_STYLE = Automatic;
				CURRENT_PROJECT_VERSION = 1;
				GENERATE_INFOPLIST_FILE = NO;
				INFOPLIST_FILE = Widgets/Info.plist;
				IPHONEOS_DEPLOYMENT_TARGET = 17.0;
				LD_RUNPATH_SEARCH_PATHS = (
					"$(inherited)",
					"@executable_path/Frameworks",
					"@executable_path/../../Frameworks",
				);
				MARKETING_VERSION = 1.5;
				PRODUCT_BUNDLE_IDENTIFIER = com.kkrwhofrags.hellblazer.widgets;
				PRODUCT_NAME = "$(TARGET_NAME)";
				SDKROOT = iphoneos;
				SKIP_INSTALL = YES;
				SWIFT_VERSION = 5.0;
				TARGETED_DEVICE_FAMILY = 1;
				VALIDATE_PRODUCT = YES;
			};
			name = Release;
		};
		463991CB730F317C7265E2D3 /* Debug */ = {
			isa = XCBuildConfiguration;
			buildSettings = {
				APPLICATION_EXTENSION_API_ONLY = YES;
				CLANG_ENABLE_OBJC_WEAK = NO;
				CODE_SIGN_ENTITLEMENTS = Widgets/Widgets.entitlements;
				CODE_SIGN_STYLE = Automatic;
				CURRENT_PROJECT_VERSION = 1;
				GENERATE_INFOPLIST_FILE = NO;
				INFOPLIST_FILE = Widgets/Info.plist;
				IPHONEOS_DEPLOYMENT_TARGET = 17.0;
				LD_RUNPATH_SEARCH_PATHS = (
					"$(inherited)",
					"@executable_path/Frameworks",
					"@executable_path/../../Frameworks",
				);
				MARKETING_VERSION = 1.5;
				PRODUCT_BUNDLE_IDENTIFIER = com.kkrwhofrags.hellblazer.widgets;
				PRODUCT_NAME = "$(TARGET_NAME)";
				SDKROOT = iphoneos;
				SKIP_INSTALL = YES;
				SWIFT_VERSION = 5.0;
				TARGETED_DEVICE_FAMILY = 1;
			};
			name = Debug;
		};
		486EE816305B29DD9BBDDDD2 /* Release */ = {
			isa = XCBuildConfiguration;
			buildSettings = {
				ALWAYS_EMBED_SWIFT_STANDARD_LIBRARIES = YES;
				ASSETCATALOG_COMPILER_APPICON_NAME = AppIcon;
				ASSETCATALOG_COMPILER_GLOBAL_ACCENT_COLOR_NAME = AccentColor;
				CODE_SIGN_ENTITLEMENTS = Watch/Watch.entitlements;
				CODE_SIGN_STYLE = Automatic;
				CURRENT_PROJECT_VERSION = 1;
				ENABLE_PREVIEWS = NO;
				GENERATE_INFOPLIST_FILE = NO;
				INFOPLIST_FILE = Watch/Info.plist;
				LD_RUNPATH_SEARCH_PATHS = (
					"$(inherited)",
					"@executable_path/Frameworks",
				);
				MARKETING_VERSION = 1.5;
				PRODUCT_BUNDLE_IDENTIFIER = com.kkrwhofrags.hellblazer.watchkitapp;
				PRODUCT_NAME = "$(TARGET_NAME)";
				SDKROOT = watchos;
				SKIP_INSTALL = YES;
				SWIFT_VERSION = 5.0;
				TARGETED_DEVICE_FAMILY = 4;
				VALIDATE_PRODUCT = YES;
				WATCHOS_DEPLOYMENT_TARGET = 10.0;
			};
			name = Release;
		};
		504EC3141FED79650016851F /* Debug */ = {
			isa = XCBuildConfiguration;
			baseConfigurationReference = 958DCC722DB07C7200EA8C5F /* debug.xcconfig */;
			buildSettings = {
				ALWAYS_SEARCH_USER_PATHS = NO;
				CLANG_ANALYZER_NONNULL = YES;
				CLANG_ANALYZER_NUMBER_OBJECT_CONVERSION = YES_AGGRESSIVE;
				CLANG_CXX_LANGUAGE_STANDARD = "gnu++14";
				CLANG_CXX_LIBRARY = "libc++";
				CLANG_ENABLE_MODULES = YES;
				CLANG_ENABLE_OBJC_ARC = YES;
				CLANG_WARN_BLOCK_CAPTURE_AUTORELEASING = YES;
				CLANG_WARN_BOOL_CONVERSION = YES;
				CLANG_WARN_COMMA = YES;
				CLANG_WARN_CONSTANT_CONVERSION = YES;
				CLANG_WARN_DIRECT_OBJC_ISA_USAGE = YES_ERROR;
				CLANG_WARN_DOCUMENTATION_COMMENTS = YES;
				CLANG_WARN_EMPTY_BODY = YES;
				CLANG_WARN_ENUM_CONVERSION = YES;
				CLANG_WARN_INFINITE_RECURSION = YES;
				CLANG_WARN_INT_CONVERSION = YES;
				CLANG_WARN_NON_LITERAL_NULL_CONVERSION = YES;
				CLANG_WARN_OBJC_LITERAL_CONVERSION = YES;
				CLANG_WARN_OBJC_ROOT_CLASS = YES_ERROR;
				CLANG_WARN_RANGE_LOOP_ANALYSIS = YES;
				CLANG_WARN_STRICT_PROTOTYPES = YES;
				CLANG_WARN_SUSPICIOUS_MOVE = YES;
				CLANG_WARN_UNGUARDED_AVAILABILITY = YES_AGGRESSIVE;
				CLANG_WARN_UNREACHABLE_CODE = YES;
				CLANG_WARN__DUPLICATE_METHOD_MATCH = YES;
				CODE_SIGN_IDENTITY = "iPhone Developer";
				COPY_PHASE_STRIP = NO;
				DEBUG_INFORMATION_FORMAT = dwarf;
				ENABLE_STRICT_OBJC_MSGSEND = YES;
				ENABLE_TESTABILITY = YES;
				GCC_C_LANGUAGE_STANDARD = gnu11;
				GCC_DYNAMIC_NO_PIC = NO;
				GCC_NO_COMMON_BLOCKS = YES;
				GCC_OPTIMIZATION_LEVEL = 0;
				GCC_PREPROCESSOR_DEFINITIONS = (
					"DEBUG=1",
					"$(inherited)",
				);
				GCC_WARN_64_TO_32_BIT_CONVERSION = YES;
				GCC_WARN_ABOUT_RETURN_TYPE = YES_ERROR;
				GCC_WARN_UNDECLARED_SELECTOR = YES;
				GCC_WARN_UNINITIALIZED_AUTOS = YES_AGGRESSIVE;
				GCC_WARN_UNUSED_FUNCTION = YES;
				GCC_WARN_UNUSED_VARIABLE = YES;
				IPHONEOS_DEPLOYMENT_TARGET = 17.0;
				MTL_ENABLE_DEBUG_INFO = YES;
				ONLY_ACTIVE_ARCH = YES;
				SDKROOT = iphoneos;
				SWIFT_ACTIVE_COMPILATION_CONDITIONS = DEBUG;
				SWIFT_OPTIMIZATION_LEVEL = "-Onone";
			};
			name = Debug;
		};
		504EC3151FED79650016851F /* Release */ = {
			isa = XCBuildConfiguration;
			buildSettings = {
				ALWAYS_SEARCH_USER_PATHS = NO;
				CLANG_ANALYZER_NONNULL = YES;
				CLANG_ANALYZER_NUMBER_OBJECT_CONVERSION = YES_AGGRESSIVE;
				CLANG_CXX_LANGUAGE_STANDARD = "gnu++14";
				CLANG_CXX_LIBRARY = "libc++";
				CLANG_ENABLE_MODULES = YES;
				CLANG_ENABLE_OBJC_ARC = YES;
				CLANG_WARN_BLOCK_CAPTURE_AUTORELEASING = YES;
				CLANG_WARN_BOOL_CONVERSION = YES;
				CLANG_WARN_COMMA = YES;
				CLANG_WARN_CONSTANT_CONVERSION = YES;
				CLANG_WARN_DIRECT_OBJC_ISA_USAGE = YES_ERROR;
				CLANG_WARN_DOCUMENTATION_COMMENTS = YES;
				CLANG_WARN_EMPTY_BODY = YES;
				CLANG_WARN_ENUM_CONVERSION = YES;
				CLANG_WARN_INFINITE_RECURSION = YES;
				CLANG_WARN_INT_CONVERSION = YES;
				CLANG_WARN_NON_LITERAL_NULL_CONVERSION = YES;
				CLANG_WARN_OBJC_LITERAL_CONVERSION = YES;
				CLANG_WARN_OBJC_ROOT_CLASS = YES_ERROR;
				CLANG_WARN_RANGE_LOOP_ANALYSIS = YES;
				CLANG_WARN_STRICT_PROTOTYPES = YES;
				CLANG_WARN_SUSPICIOUS_MOVE = YES;
				CLANG_WARN_UNGUARDED_AVAILABILITY = YES_AGGRESSIVE;
				CLANG_WARN_UNREACHABLE_CODE = YES;
				CLANG_WARN__DUPLICATE_METHOD_MATCH = YES;
				CODE_SIGN_IDENTITY = "iPhone Developer";
				COPY_PHASE_STRIP = NO;
				DEBUG_INFORMATION_FORMAT = "dwarf-with-dsym";
				ENABLE_NS_ASSERTIONS = NO;
				ENABLE_STRICT_OBJC_MSGSEND = YES;
				GCC_C_LANGUAGE_STANDARD = gnu11;
				GCC_NO_COMMON_BLOCKS = YES;
				GCC_WARN_64_TO_32_BIT_CONVERSION = YES;
				GCC_WARN_ABOUT_RETURN_TYPE = YES_ERROR;
				GCC_WARN_UNDECLARED_SELECTOR = YES;
				GCC_WARN_UNINITIALIZED_AUTOS = YES_AGGRESSIVE;
				GCC_WARN_UNUSED_FUNCTION = YES;
				GCC_WARN_UNUSED_VARIABLE = YES;
				IPHONEOS_DEPLOYMENT_TARGET = 17.0;
				MTL_ENABLE_DEBUG_INFO = NO;
				SDKROOT = iphoneos;
				SWIFT_COMPILATION_MODE = wholemodule;
				SWIFT_OPTIMIZATION_LEVEL = "-O";
				VALIDATE_PRODUCT = YES;
			};
			name = Release;
		};
		504EC3171FED79650016851F /* Debug */ = {
			isa = XCBuildConfiguration;
			baseConfigurationReference = 958DCC722DB07C7200EA8C5F /* debug.xcconfig */;
			buildSettings = {
				ASSETCATALOG_COMPILER_APPICON_NAME = AppIcon;
				CODE_SIGN_ENTITLEMENTS = App/App.entitlements;
				CODE_SIGN_STYLE = Automatic;
				CURRENT_PROJECT_VERSION = 1;
				INFOPLIST_FILE = App/Info.plist;
				IPHONEOS_DEPLOYMENT_TARGET = 17.0;
				LD_RUNPATH_SEARCH_PATHS = (
					"$(inherited)",
					"@executable_path/Frameworks",
				);
				MARKETING_VERSION = 1.5;
				OTHER_SWIFT_FLAGS = "$(inherited) \"-D\" \"COCOAPODS\" \"-DDEBUG\"";
				PRODUCT_BUNDLE_IDENTIFIER = com.kkrwhofrags.hellblazer;
				PRODUCT_NAME = "$(TARGET_NAME)";
				SWIFT_ACTIVE_COMPILATION_CONDITIONS = DEBUG;
				SWIFT_VERSION = 5.0;
				TARGETED_DEVICE_FAMILY = 1;
			};
			name = Debug;
		};
		504EC3181FED79650016851F /* Release */ = {
			isa = XCBuildConfiguration;
			buildSettings = {
				ASSETCATALOG_COMPILER_APPICON_NAME = AppIcon;
				CODE_SIGN_ENTITLEMENTS = App/App.entitlements;
				CODE_SIGN_STYLE = Automatic;
				CURRENT_PROJECT_VERSION = 1;
				INFOPLIST_FILE = App/Info.plist;
				IPHONEOS_DEPLOYMENT_TARGET = 17.0;
				LD_RUNPATH_SEARCH_PATHS = (
					"$(inherited)",
					"@executable_path/Frameworks",
				);
				MARKETING_VERSION = 1.5;
				PRODUCT_BUNDLE_IDENTIFIER = com.kkrwhofrags.hellblazer;
				PRODUCT_NAME = "$(TARGET_NAME)";
				SWIFT_ACTIVE_COMPILATION_CONDITIONS = "";
				SWIFT_VERSION = 5.0;
				TARGETED_DEVICE_FAMILY = 1;
			};
			name = Release;
		};
		7A160743FDE9AE19D3169D99 /* Release */ = {
			isa = XCBuildConfiguration;
			buildSettings = {
				APPLICATION_EXTENSION_API_ONLY = YES;
				CODE_SIGN_ENTITLEMENTS = WatchWidgets/WatchWidgets.entitlements;
				CODE_SIGN_STYLE = Automatic;
				CURRENT_PROJECT_VERSION = 1;
				GENERATE_INFOPLIST_FILE = NO;
				INFOPLIST_FILE = WatchWidgets/Info.plist;
				LD_RUNPATH_SEARCH_PATHS = (
					"$(inherited)",
					"@executable_path/Frameworks",
					"@executable_path/../../Frameworks",
				);
				MARKETING_VERSION = 1.5;
				PRODUCT_BUNDLE_IDENTIFIER = com.kkrwhofrags.hellblazer.watchkitapp.widgets;
				PRODUCT_NAME = "$(TARGET_NAME)";
				SDKROOT = watchos;
				SKIP_INSTALL = YES;
				SWIFT_VERSION = 5.0;
				TARGETED_DEVICE_FAMILY = 4;
				VALIDATE_PRODUCT = YES;
				WATCHOS_DEPLOYMENT_TARGET = 10.0;
			};
			name = Release;
		};
		CB30248E4E8F7DEE7790416A /* Debug */ = {
			isa = XCBuildConfiguration;
			buildSettings = {
				APPLICATION_EXTENSION_API_ONLY = YES;
				CODE_SIGN_ENTITLEMENTS = WatchWidgets/WatchWidgets.entitlements;
				CODE_SIGN_STYLE = Automatic;
				CURRENT_PROJECT_VERSION = 1;
				GENERATE_INFOPLIST_FILE = NO;
				INFOPLIST_FILE = WatchWidgets/Info.plist;
				LD_RUNPATH_SEARCH_PATHS = (
					"$(inherited)",
					"@executable_path/Frameworks",
					"@executable_path/../../Frameworks",
				);
				MARKETING_VERSION = 1.5;
				PRODUCT_BUNDLE_IDENTIFIER = com.kkrwhofrags.hellblazer.watchkitapp.widgets;
				PRODUCT_NAME = "$(TARGET_NAME)";
				SDKROOT = watchos;
				SKIP_INSTALL = YES;
				SWIFT_VERSION = 5.0;
				TARGETED_DEVICE_FAMILY = 4;
				WATCHOS_DEPLOYMENT_TARGET = 10.0;
			};
			name = Debug;
		};
/* End XCBuildConfiguration section */

/* Begin XCConfigurationList section */
		479F0A1DA5B55A8BA5650F40 /* Build configuration list for PBXNativeTarget "Widgets" */ = {
			isa = XCConfigurationList;
			buildConfigurations = (
				3A09518AE58ED31767B0E2E9 /* Release */,
				463991CB730F317C7265E2D3 /* Debug */,
			);
			defaultConfigurationIsVisible = 0;
			defaultConfigurationName = Release;
		};
		504EC2FF1FED79650016851F /* Build configuration list for PBXProject "App" */ = {
			isa = XCConfigurationList;
			buildConfigurations = (
				504EC3141FED79650016851F /* Debug */,
				504EC3151FED79650016851F /* Release */,
			);
			defaultConfigurationIsVisible = 0;
			defaultConfigurationName = Release;
		};
		504EC3161FED79650016851F /* Build configuration list for PBXNativeTarget "App" */ = {
			isa = XCConfigurationList;
			buildConfigurations = (
				504EC3171FED79650016851F /* Debug */,
				504EC3181FED79650016851F /* Release */,
			);
			defaultConfigurationIsVisible = 0;
			defaultConfigurationName = Release;
		};
		C1EEDFFF4261C01740FACD0A /* Build configuration list for PBXNativeTarget "Watch" */ = {
			isa = XCConfigurationList;
			buildConfigurations = (
				486EE816305B29DD9BBDDDD2 /* Release */,
				1CF76DFABBFF03B18E2A101D /* Debug */,
			);
			defaultConfigurationIsVisible = 0;
			defaultConfigurationName = Release;
		};
		C932EEBF2BE4924EFBFB957E /* Build configuration list for PBXNativeTarget "WatchWidgets" */ = {
			isa = XCConfigurationList;
			buildConfigurations = (
				7A160743FDE9AE19D3169D99 /* Release */,
				CB30248E4E8F7DEE7790416A /* Debug */,
			);
			defaultConfigurationIsVisible = 0;
			defaultConfigurationName = Release;
		};
/* End XCConfigurationList section */

/* Begin XCLocalSwiftPackageReference section */
		D4C12C0A2AAA248700AAC8A2 /* XCLocalSwiftPackageReference "CapApp-SPM" */ = {
			isa = XCLocalSwiftPackageReference;
			relativePath = "CapApp-SPM";
		};
/* End XCLocalSwiftPackageReference section */

/* Begin XCSwiftPackageProductDependency section */
		4D22ABE82AF431CB00220026 /* CapApp-SPM */ = {
			isa = XCSwiftPackageProductDependency;
			package = D4C12C0A2AAA248700AAC8A2 /* XCLocalSwiftPackageReference "CapApp-SPM" */;
			productName = "CapApp-SPM";
		};
/* End XCSwiftPackageProductDependency section */
	};
	rootObject = 504EC2FC1FED79650016851F /* Project object */;
}
